
Microsoft Visual Studio Solution File, Format Version 12.00
# Visual Studio Version 17
VisualStudioVersion = 17.14.36301.6
MinimumVisualStudioVersion = 10.0.40219.1
Project("{888888A0-9F3D-457C-B088-3A5042F75D52}") = "PythonApplication", "PythonApplication.pyproj", "{1333238B-97EB-461F-A7F6-EED4D1415CF2}"
EndProject
Project("{2150E333-8FDC-42A3-9474-1A3956D46DE8}") = "Elementos de la solución", "Elementos de la solución", "{D107F4C8-89CC-BEA8-D3D7-CA6B7733353D}"
EndProject
Project("{FAE04EC0-301F-11D3-BF4B-00C04F79EFBC}") = "Presentacion", "..\Presentacion\Presentacion.csproj", "{CA447E72-2DF0-451F-9D85-DE1295DB21DC}"
EndProject
Global
	GlobalSection(SolutionConfigurationPlatforms) = preSolution
		Debug|Any CPU = Debug|Any CPU
		Release|Any CPU = Release|Any CPU
	EndGlobalSection
	GlobalSection(ProjectConfigurationPlatforms) = postSolution
		{1333238B-97EB-461F-A7F6-EED4D1415CF2}.Debug|Any CPU.ActiveCfg = Debug|Any CPU
		{1333238B-97EB-461F-A7F6-EED4D1415CF2}.Release|Any CPU.ActiveCfg = Release|Any CPU
		{CA447E72-2DF0-451F-9D85-DE1295DB21DC}.Debug|Any CPU.ActiveCfg = Debug|Any CPU
		{CA447E72-2DF0-451F-9D85-DE1295DB21DC}.Debug|Any CPU.Build.0 = Debug|Any CPU
		{CA447E72-2DF0-451F-9D85-DE1295DB21DC}.Release|Any CPU.ActiveCfg = Release|Any CPU
		{CA447E72-2DF0-451F-9D85-DE1295DB21DC}.Release|Any CPU.Build.0 = Release|Any CPU
	EndGlobalSection
	GlobalSection(SolutionProperties) = preSolution
		HideSolutionNode = FALSE
	EndGlobalSection
	GlobalSection(ExtensibilityGlobals) = postSolution
		SolutionGuid = {631765EE-C100-4364-B0C3-3B4A024FBDC7}
	EndGlobalSection
EndGlobal
